<?xml version="1.0" encoding="utf-8"?>
<Project ToolsVersion="4.0" xmlns="http://schemas.microsoft.com/developer/msbuild/2003">
  <ItemGroup>
    <Filter Include="Source Files">
      <UniqueIdentifier>{4FC737F1-C7A5-4376-A066-2A32D752A2FF}</UniqueIdentifier>
      <Extensions>cpp;c;cc;cxx;c++;cppm;ixx;def;odl;idl;hpj;bat;asm;asmx</Extensions>
    </Filter>
    <Filter Include="Header Files">
      <UniqueIdentifier>{93995380-89BD-4b04-88EB-625FBE52EBFB}</UniqueIdentifier>
      <Extensions>h;hh;hpp;hxx;h++;hm;inl;inc;ipp;xsd</Extensions>
    </Filter>
    <Filter Include="Resource Files">
      <UniqueIdentifier>{67DA6AB6-F800-4c08-8B7A-83BB121AAD01}</UniqueIdentifier>
      <Extensions>rc;ico;cur;bmp;dlg;rc2;rct;bin;rgs;gif;jpg;jpeg;jpe;resx;tiff;tif;png;wav;mfcribbon-ms</Extensions>
    </Filter>
    <Filter Include="Resource Files\Shaders">
      <UniqueIdentifier>{f2f6aa17-41ff-4d47-b4cd-df2734b46d0c}</UniqueIdentifier>
    </Filter>
    <Filter Include="Source Files\Rendering">
      <UniqueIdentifier>{36b187a4-39de-4061-a4f7-a879af1c4183}</UniqueIdentifier>
    </Filter>
    <Filter Include="Source Files\Rendering\Core">
      <UniqueIdentifier>{43fe3d30-5623-4194-a9fd-ad6730834ff2}</UniqueIdentifier>
    </Filter>
    <Filter Include="Header Files\Rendering">
      <UniqueIdentifier>{2ddc2d5b-f93b-4f41-95fc-c4deeca4e4f6}</UniqueIdentifier>
    </Filter>
    <Filter Include="Header Files\Rendering\Core">
      <UniqueIdentifier>{303a5e6f-e471-405b-935c-6635a1e22a85}</UniqueIdentifier>
    </Filter>
    <Filter Include="Header Files\Controller">
      <UniqueIdentifier>{ca93763b-8426-4c99-ac1b-3cf4439b5279}</UniqueIdentifier>
    </Filter>
    <Filter Include="Source Files\Controller">
      <UniqueIdentifier>{b5223928-a3a1-41b8-b22f-94df8f2f0473}</UniqueIdentifier>
    </Filter>
    <Filter Include="Header Files\Model">
      <UniqueIdentifier>{532c79be-d2aa-4eb1-be79-8bcfa018bb49}</UniqueIdentifier>
    </Filter>
    <Filter Include="Source Files\Model">
      <UniqueIdentifier>{f2b02034-1132-4fd8-8b23-27aa982e2e83}</UniqueIdentifier>
    </Filter>
    <Filter Include="Header Files\Factories">
      <UniqueIdentifier>{cbcf373c-b7ca-44d1-9ac8-694dae4580f7}</UniqueIdentifier>
    </Filter>
    <Filter Include="Source Files\Factories">
      <UniqueIdentifier>{76e9d765-6ca0-49c6-9816-61c775d9ad16}</UniqueIdentifier>
    </Filter>
    <Filter Include="Header Files\BoardObjectActions">
      <UniqueIdentifier>{fcc188b6-a5b8-4cfd-be9e-b8ae7ed5eccd}</UniqueIdentifier>
    </Filter>
    <Filter Include="Source Files\BoardObjectActions">
      <UniqueIdentifier>{15b28b47-0a89-4592-b7aa-c10a2103ac53}</UniqueIdentifier>
    </Filter>
    <Filter Include="Header Files\InteractCommands">
      <UniqueIdentifier>{2d467372-bedf-4d97-baac-008f23598ac6}</UniqueIdentifier>
    </Filter>
    <Filter Include="Source Files\InteractCommands">
      <UniqueIdentifier>{3fde29fb-ea76-41e4-8f2a-096044063f27}</UniqueIdentifier>
    </Filter>
  </ItemGroup>
  <ItemGroup>
    <ClInclude Include="Rendering\Core\Camera.h">
      <Filter>Header Files\Rendering\Core</Filter>
    </ClInclude>
    <ClInclude Include="Rendering\Core\EBO.h">
      <Filter>Header Files\Rendering\Core</Filter>
    </ClInclude>
    <ClInclude Include="Rendering\Core\Mesh.h">
      <Filter>Header Files\Rendering\Core</Filter>
    </ClInclude>
    <ClInclude Include="Rendering\Core\Model.h">
      <Filter>Header Files\Rendering\Core</Filter>
    </ClInclude>
    <ClInclude Include="Rendering\Core\shader.h">
      <Filter>Header Files\Rendering\Core</Filter>
    </ClInclude>
    <ClInclude Include="Rendering\Core\ShaderSkybox.h">
      <Filter>Header Files\Rendering\Core</Filter>
    </ClInclude>
    <ClInclude Include="Rendering\Core\Texture.h">
      <Filter>Header Files\Rendering\Core</Filter>
    </ClInclude>
    <ClInclude Include="Rendering\Core\VAO.h">
      <Filter>Header Files\Rendering\Core</Filter>
    </ClInclude>
    <ClInclude Include="Rendering\Core\VBO.h">
      <Filter>Header Files\Rendering\Core</Filter>
    </ClInclude>
    <ClInclude Include="Controller\IGameController.h">
      <Filter>Header Files\Controller</Filter>
    </ClInclude>
    <ClInclude Include="Controller\GameController.h">
      <Filter>Header Files\Controller</Filter>
    </ClInclude>
    <ClInclude Include="Controller\IGameState.h">
      <Filter>Header Files\Controller</Filter>
    </ClInclude>
    <ClInclude Include="Controller\GameStateStop.h">
      <Filter>Header Files\Controller</Filter>
    </ClInclude>
    <ClInclude Include="Controller\GameStateMove.h">
      <Filter>Header Files\Controller</Filter>
    </ClInclude>
    <ClInclude Include="Model\ILevelModel.h">
      <Filter>Header Files\Model</Filter>
    </ClInclude>
    <ClInclude Include="Model\LevelModel.h">
      <Filter>Header Files\Model</Filter>
    </ClInclude>
    <ClInclude Include="Rendering\IRenderer.h">
      <Filter>Header Files\Rendering</Filter>
    </ClInclude>
    <ClInclude Include="Rendering\BoardRenderer.h">
      <Filter>Header Files\Rendering</Filter>
    </ClInclude>
    <ClInclude Include="Factories\IGameStateFactory.h">
      <Filter>Header Files\Factories</Filter>
    </ClInclude>
    <ClInclude Include="Factories\ILevelFactory.h">
      <Filter>Header Files\Factories</Filter>
    </ClInclude>
    <ClInclude Include="Factories\LevelFactory.h">
      <Filter>Header Files\Factories</Filter>
    </ClInclude>
    <ClInclude Include="Factories\GameStateFactory.h">
      <Filter>Header Files\Factories</Filter>
    </ClInclude>
    <ClInclude Include="Factories\IRendererFactory.h">
      <Filter>Header Files\Factories</Filter>
    </ClInclude>
    <ClInclude Include="Factories\RendererFactory.h">
      <Filter>Header Files\Factories</Filter>
    </ClInclude>
    <ClInclude Include="Rendering\IGameWindow.h">
      <Filter>Header Files\Rendering</Filter>
    </ClInclude>
    <ClInclude Include="Rendering\GameWindow.h">
      <Filter>Header Files\Rendering</Filter>
    </ClInclude>
    <ClInclude Include="Factories\IModelFlyweightFactory.h">
      <Filter>Header Files\Factories</Filter>
    </ClInclude>
    <ClInclude Include="Factories\ModelFlyweightFactory.h">
      <Filter>Header Files\Factories</Filter>
    </ClInclude>
    <ClInclude Include="Factories\IShaderFlyweightFactory.h">
      <Filter>Header Files\Factories</Filter>
    </ClInclude>
    <ClInclude Include="Factories\ShaderFlyweightFactory.h">
      <Filter>Header Files\Factories</Filter>
    </ClInclude>
    <ClInclude Include="Rendering\Skybox.h">
      <Filter>Header Files\Rendering</Filter>
    </ClInclude>
    <ClInclude Include="Factories\ISkyboxFlyweightFactory.h">
      <Filter>Header Files\Factories</Filter>
    </ClInclude>
    <ClInclude Include="Factories\SkyboxFlyweightFactory.h">
      <Filter>Header Files\Factories</Filter>
    </ClInclude>
    <ClInclude Include="Model\BoardObject.h">
      <Filter>Header Files\Model</Filter>
    </ClInclude>
    <ClInclude Include="Model\PlayerBoardObject.h">
      <Filter>Header Files\Model</Filter>
    </ClInclude>
    <ClInclude Include="Rendering\ModelObj.h">
      <Filter>Header Files\Rendering</Filter>
    </ClInclude>
    <ClInclude Include="Rendering\ModelPlane.h">
      <Filter>Header Files\Rendering</Filter>
    </ClInclude>
    <ClInclude Include="Rendering\IModel.h">
      <Filter>Header Files\Rendering</Filter>
    </ClInclude>
    <ClInclude Include="Model\TileBoardObject.h">
      <Filter>Header Files\Model</Filter>
    </ClInclude>
    <ClInclude Include="BoardObjectActions\BoardObjectAction.h">
      <Filter>Header Files\BoardObjectActions</Filter>
    </ClInclude>
    <ClInclude Include="BoardObjectActions\BoardObjectActionNone.h">
      <Filter>Header Files\BoardObjectActions</Filter>
    </ClInclude>
    <ClInclude Include="BoardObjectActions\BoardObjectActionMove.h">
      <Filter>Header Files\BoardObjectActions</Filter>
    </ClInclude>
    <ClInclude Include="Model\ObstacleBoardObject.h">
      <Filter>Header Files\Model</Filter>
    </ClInclude>
    <ClInclude Include="InteractCommands\InteractCommand.h">
      <Filter>Header Files\InteractCommands</Filter>
    </ClInclude>
    <ClInclude Include="InteractCommands\InteractCommandRockPush.h">
      <Filter>Header Files\InteractCommands</Filter>
    </ClInclude>
    <ClInclude Include="InteractCommands\InteractCommandNone.h">
      <Filter>Header Files\InteractCommands</Filter>
    </ClInclude>
  </ItemGroup>
  <ItemGroup>
    <ClCompile Include="Rendering\Core\glad.c">
      <Filter>Source Files\Rendering\Core</Filter>
    </ClCompile>
    <ClCompile Include="Rendering\Core\Camera.cpp">
      <Filter>Source Files\Rendering\Core</Filter>
    </ClCompile>
    <ClCompile Include="Rendering\Core\EBO.cpp">
      <Filter>Source Files\Rendering\Core</Filter>
    </ClCompile>
    <ClCompile Include="Rendering\Core\Mesh.cpp">
      <Filter>Source Files\Rendering\Core</Filter>
    </ClCompile>
    <ClCompile Include="Rendering\Core\Model.cpp">
      <Filter>Source Files\Rendering\Core</Filter>
    </ClCompile>
    <ClCompile Include="Rendering\Core\shader.cpp">
      <Filter>Source Files\Rendering\Core</Filter>
    </ClCompile>
    <ClCompile Include="Rendering\Core\ShaderSkybox.cpp">
      <Filter>Source Files\Rendering\Core</Filter>
    </ClCompile>
    <ClCompile Include="Rendering\Core\stb.cpp">
      <Filter>Source Files\Rendering\Core</Filter>
    </ClCompile>
    <ClCompile Include="Rendering\Core\Texture.cpp">
      <Filter>Source Files\Rendering\Core</Filter>
    </ClCompile>
    <ClCompile Include="Rendering\Core\VAO.cpp">
      <Filter>Source Files\Rendering\Core</Filter>
    </ClCompile>
    <ClCompile Include="Rendering\Core\VBO.cpp">
      <Filter>Source Files\Rendering\Core</Filter>
    </ClCompile>
    <ClCompile Include="main.cpp">
      <Filter>Source Files</Filter>
    </ClCompile>
    <ClCompile Include="Controller\IGameController.cpp">
      <Filter>Source Files\Controller</Filter>
    </ClCompile>
    <ClCompile Include="Controller\GameController.cpp">
      <Filter>Source Files\Controller</Filter>
    </ClCompile>
    <ClCompile Include="Controller\IGameState.cpp">
      <Filter>Source Files\Controller</Filter>
    </ClCompile>
    <ClCompile Include="Controller\GameStateStop.cpp">
      <Filter>Source Files\Controller</Filter>
    </ClCompile>
    <ClCompile Include="Controller\GameStateMove.cpp">
      <Filter>Source Files\Controller</Filter>
    </ClCompile>
    <ClCompile Include="Model\ILevelModel.cpp">
      <Filter>Source Files\Model</Filter>
    </ClCompile>
    <ClCompile Include="Model\LevelModel.cpp">
      <Filter>Source Files\Model</Filter>
    </ClCompile>
    <ClCompile Include="Rendering\IRenderer.cpp">
      <Filter>Source Files\Rendering</Filter>
    </ClCompile>
    <ClCompile Include="Rendering\BoardRenderer.cpp">
      <Filter>Source Files\Rendering</Filter>
    </ClCompile>
    <ClCompile Include="Factories\IGameStateFactory.cpp">
      <Filter>Source Files\Factories</Filter>
    </ClCompile>
    <ClCompile Include="Factories\ILevelFactory.cpp">
      <Filter>Source Files\Factories</Filter>
    </ClCompile>
    <ClCompile Include="Factories\LevelFactory.cpp">
      <Filter>Source Files\Factories</Filter>
    </ClCompile>
    <ClCompile Include="Factories\GameStateFactory.cpp">
      <Filter>Source Files\Factories</Filter>
    </ClCompile>
    <ClCompile Include="Factories\IRendererFactory.cpp">
      <Filter>Source Files\Factories</Filter>
    </ClCompile>
    <ClCompile Include="Factories\RendererFactory.cpp">
      <Filter>Source Files\Factories</Filter>
    </ClCompile>
    <ClCompile Include="Rendering\IGameWindow.cpp">
      <Filter>Source Files\Rendering</Filter>
    </ClCompile>
    <ClCompile Include="Rendering\GameWindow.cpp">
      <Filter>Source Files\Rendering</Filter>
    </ClCompile>
    <ClCompile Include="Factories\IModelFlyweightFactory.cpp">
      <Filter>Source Files\Factories</Filter>
    </ClCompile>
    <ClCompile Include="Factories\ModelFlyweightFactory.cpp">
      <Filter>Source Files\Factories</Filter>
    </ClCompile>
    <ClCompile Include="Factories\IShaderFlyweightFactory.cpp">
      <Filter>Source Files\Factories</Filter>
    </ClCompile>
    <ClCompile Include="Factories\ShaderFlyweightFactory.cpp">
      <Filter>Source Files\Factories</Filter>
    </ClCompile>
    <ClCompile Include="Rendering\Skybox.cpp">
      <Filter>Source Files\Rendering</Filter>
    </ClCompile>
    <ClCompile Include="Factories\ISkyboxFlyweightFactory.cpp">
      <Filter>Source Files\Factories</Filter>
    </ClCompile>
    <ClCompile Include="Factories\SkyboxFlyweightFactory.cpp">
      <Filter>Source Files\Factories</Filter>
    </ClCompile>
    <ClCompile Include="Model\BoardObject.cpp">
      <Filter>Source Files\Model</Filter>
    </ClCompile>
    <ClCompile Include="Model\PlayerBoardObject.cpp">
      <Filter>Source Files\Model</Filter>
    </ClCompile>
    <ClCompile Include="Rendering\ModelObj.cpp">
      <Filter>Source Files\Rendering</Filter>
    </ClCompile>
    <ClCompile Include="Rendering\ModelPlane.cpp">
      <Filter>Source Files\Rendering</Filter>
    </ClCompile>
    <ClCompile Include="Rendering\IModel.cpp">
      <Filter>Source Files\Rendering</Filter>
    </ClCompile>
    <ClCompile Include="Model\TileBoardObject.cpp">
      <Filter>Source Files\Model</Filter>
    </ClCompile>
    <ClCompile Include="BoardObjectActions\BoardObjectAction.cpp">
      <Filter>Source Files\BoardObjectActions</Filter>
    </ClCompile>
    <ClCompile Include="BoardObjectActions\BoardObjectActionNone.cpp">
      <Filter>Source Files\BoardObjectActions</Filter>
    </ClCompile>
    <ClCompile Include="BoardObjectActions\BoardObjectActionMove.cpp">
      <Filter>Source Files\BoardObjectActions</Filter>
    </ClCompile>
    <ClCompile Include="Model\ObstacleBoardObject.cpp">
      <Filter>Source Files\Model</Filter>
    </ClCompile>
    <ClCompile Include="InteractCommands\InteractCommand.cpp">
      <Filter>Source Files\InteractCommands</Filter>
    </ClCompile>
    <ClCompile Include="InteractCommands\InteractCommandRockPush.cpp">
      <Filter>Source Files\InteractCommands</Filter>
    </ClCompile>
    <ClCompile Include="InteractCommands\InteractCommandNone.cpp">
      <Filter>Source Files\InteractCommands</Filter>
    </ClCompile>
  </ItemGroup>
  <ItemGroup>
    <None Include="Rendering\Core\Shaders\asteroid.vert">
      <Filter>Resource Files\Shaders</Filter>
    </None>
    <None Include="Rendering\Core\Shaders\cutout.frag">
      <Filter>Resource Files\Shaders</Filter>
    </None>
    <None Include="Rendering\Core\Shaders\default.frag">
      <Filter>Resource Files\Shaders</Filter>
    </None>
    <None Include="Rendering\Core\Shaders\default.geom">
      <Filter>Resource Files\Shaders</Filter>
    </None>
    <None Include="Rendering\Core\Shaders\default.vert">
      <Filter>Resource Files\Shaders</Filter>
    </None>
    <None Include="Rendering\Core\Shaders\framebuffer.frag">
      <Filter>Resource Files\Shaders</Filter>
    </None>
    <None Include="Rendering\Core\Shaders\framebuffer.vert">
      <Filter>Resource Files\Shaders</Filter>
    </None>
    <None Include="Rendering\Core\Shaders\light.frag">
      <Filter>Resource Files\Shaders</Filter>
    </None>
    <None Include="Rendering\Core\Shaders\light.vert">
      <Filter>Resource Files\Shaders</Filter>
    </None>
    <None Include="Rendering\Core\Shaders\normals.frag">
      <Filter>Resource Files\Shaders</Filter>
    </None>
    <None Include="Rendering\Core\Shaders\normals.geom">
      <Filter>Resource Files\Shaders</Filter>
    </None>
    <None Include="Rendering\Core\Shaders\skybox.frag">
      <Filter>Resource Files\Shaders</Filter>
    </None>
    <None Include="Rendering\Core\Shaders\skybox.vert">
      <Filter>Resource Files\Shaders</Filter>
    </None>
    <None Include="Rendering\Core\Shaders\transparent.frag">
      <Filter>Resource Files\Shaders</Filter>
    </None>
  </ItemGroup>
</Project>